
Microsoft Visual Studio Solution File, Format Version 12.00
# Visual Studio Version 16
VisualStudioVersion = 16.0.30717.126
MinimumVisualStudioVersion = 10.0.40219.1
Project("{FAE04EC0-301F-11D3-BF4B-00C04F79EFBC}") = "WpfEmployeeDirectory", "WpfEmployeeDirectory.csproj", "{F65C245C-7743-41B8-A2BA-A7DF0CFD77C0}"
EndProject
Global
	GlobalSection(SolutionConfigurationPlatforms) = preSolution
		Debug|Any CPU = Debug|Any CPU
		Release|Any CPU = Release|Any CPU
	EndGlobalSection
	GlobalSection(ProjectConfigurationPlatforms) = postSolution
		{F65C245C-7743-41B8-A2BA-A7DF0CFD77C0}.Debug|Any CPU.ActiveCfg = Debug|Any CPU
		{F65C245C-7743-41B8-A2BA-A7DF0CFD77C0}.Debug|Any CPU.Build.0 = Debug|Any CPU
		{F65C245C-7743-41B8-A2BA-A7DF0CFD77C0}.Release|Any CPU.ActiveCfg = Release|Any CPU
		{F65C245C-7743-41B8-A2BA-A7DF0CFD77C0}.Release|Any CPU.Build.0 = Release|Any CPU
	EndGlobalSection
	GlobalSection(SolutionProperties) = preSolution
		HideSolutionNode = FALSE
	EndGlobalSection
	GlobalSection(ExtensibilityGlobals) = postSolution
		SolutionGuid = {00D6D785-B056-455A-A9AC-0D77B990B6B1}
	EndGlobalSection
EndGlobal
